
Microsoft Visual Studio Solution File, Format Version 12.00
# Visual Studio Version 16
VisualStudioVersion = 16.0.28803.202
MinimumVisualStudioVersion = 10.0.40219.1
Project("{FAE04EC0-301F-11D3-BF4B-00C04F79EFBC}") = "RxS.UI.Site", "src\RxS.UI.Site\RxS.UI.Site.csproj", "{D2CEE7A2-848C-431A-A9C3-303C3F773313}"
EndProject
Global
	GlobalSection(SolutionConfigurationPlatforms) = preSolution
		Debug|Any CPU = Debug|Any CPU
		Release|Any CPU = Release|Any CPU
	EndGlobalSection
	GlobalSection(ProjectConfigurationPlatforms) = postSolution
		{D2CEE7A2-848C-431A-A9C3-303C3F773313}.Debug|Any CPU.ActiveCfg = Debug|Any CPU
		{D2CEE7A2-848C-431A-A9C3-303C3F773313}.Debug|Any CPU.Build.0 = Debug|Any CPU
		{D2CEE7A2-848C-431A-A9C3-303C3F773313}.Release|Any CPU.ActiveCfg = Release|Any CPU
		{D2CEE7A2-848C-431A-A9C3-303C3F773313}.Release|Any CPU.Build.0 = Release|Any CPU
	EndGlobalSection
	GlobalSection(SolutionProperties) = preSolution
		HideSolutionNode = FALSE
	EndGlobalSection
	GlobalSection(ExtensibilityGlobals) = postSolution
		SolutionGuid = {F2572931-4391-4037-AA34-BCEA745B10BB}
	EndGlobalSection
EndGlobal
